<?xml version="1.0" encoding="utf-8"?>
<Project ToolsVersion="4.0" xmlns="http://schemas.microsoft.com/developer/msbuild/2003">
  <ItemGroup>
    <ClCompile Include="object_pool_test.cpp" />
    <ClCompile Include="pch.cpp" />
    <ClCompile Include="server_core_test.cpp" />
    <ClCompile Include="mock_socket.cpp">
      <Filter>mock</Filter>
    </ClCompile>
    <ClCompile Include="mock_database.cpp">
      <Filter>mock</Filter>
    </ClCompile>
    <ClCompile Include="master_server_test.cpp" />
  </ItemGroup>
  <ItemGroup>
    <ClInclude Include="pch.h" />
    <ClInclude Include="mock_socket.h">
      <Filter>mock</Filter>
    </ClInclude>
    <ClInclude Include="mock_database.h">
      <Filter>mock</Filter>
    </ClInclude>
  </ItemGroup>
  <ItemGroup>
    <None Include="packages.config" />
  </ItemGroup>
  <ItemGroup>
    <Filter Include="stub">
      <UniqueIdentifier>{fd804483-6463-4041-bf49-1d4687f1e94f}</UniqueIdentifier>
    </Filter>
    <Filter Include="mock">
      <UniqueIdentifier>{eac96c07-2ae1-44ea-a73d-8fb97e764592}</UniqueIdentifier>
    </Filter>
  </ItemGroup>
</Project>