<?xml version="1.0" encoding="utf-8"?>
<Project ToolsVersion="4.0" xmlns="http://schemas.microsoft.com/developer/msbuild/2003">
  <ItemGroup>
    <Filter Include="리소스 파일">
      <UniqueIdentifier>{67DA6AB6-F800-4c08-8B7A-83BB121AAD01}</UniqueIdentifier>
      <Extensions>rc;ico;cur;bmp;dlg;rc2;rct;bin;rgs;gif;jpg;jpeg;jpe;resx;tiff;tif;png;wav;mfcribbon-ms</Extensions>
    </Filter>
  </ItemGroup>
  <ItemGroup>
    <ClCompile Include="main.cpp" />
    <ClCompile Include="config\config.cpp" />
    <ClCompile Include="logging\logger.cpp" />
    <ClCompile Include="net\socket.cpp" />
    <ClCompile Include="io\io_service.cpp" />
    <ClCompile Include="logging\error.cpp" />
    <ClCompile Include="io\io_event.cpp" />
    <ClCompile Include="net\tcp_server.cpp" />
    <ClCompile Include="pch.cpp" />
    <ClCompile Include="win\object_pool.cpp" />
    <ClCompile Include="net\connection.cpp" />
    <ClCompile Include="net\game_server.cpp" />
    <ClCompile Include="net\packet.cpp" />
    <ClCompile Include="database\mssql_core.cpp" />
    <ClCompile Include="database\sql_statement.cpp" />
    <ClCompile Include="game\player.cpp" />
    <ClCompile Include="system_initializer.cpp" />
    <ClCompile Include="net\connection_environment.cpp" />
    <ClCompile Include="database\query.cpp" />
    <ClCompile Include="util\compressor.cpp" />
    <ClCompile Include="game\world.cpp" />
    <ClCompile Include="util\protobuf_util.cpp" />
    <ClCompile Include="win\file_mapping.cpp" />
    <ClCompile Include="io\multicast_manager.cpp" />
    <ClCompile Include="game\world_generator.cpp" />
    <ClCompile Include="net\packet_extension.cpp" />
    <ClCompile Include="util\time_util.cpp" />
    <ClCompile Include="database\couchbase_core.cpp" />
    <ClCompile Include="net\udp_server.cpp" />
    <ClCompile Include="proto\generated\world_metadata.pb.cc" />
    <ClCompile Include="proto\generated\config.pb.cc" />
    <ClCompile Include="proto\generated\protocol.pb.cc" />
    <ClCompile Include="net\server_communicator.cpp" />
    <ClCompile Include="win\registered_io.cpp" />
    <ClCompile Include="net\udp_message.cpp" />
    <ClCompile Include="game\history_buffer.cpp" />
    <ClCompile Include="util\uuid_v4.cpp" />
    <ClCompile Include="io\async_task.cpp" />
  </ItemGroup>
  <ItemGroup>
    <ClInclude Include="config\config.h" />
    <ClInclude Include="logging\logger.h" />
    <ClInclude Include="net\socket.h" />
    <ClInclude Include="util\deferred_call.h" />
    <ClInclude Include="io\io_service.h" />
    <ClInclude Include="logging\error.h" />
    <ClInclude Include="io\io_event.h" />
    <ClInclude Include="win\object_pool.h" />
    <ClInclude Include="win\win_base_object.h" />
    <ClInclude Include="win\win_type.h" />
    <ClInclude Include="net\tcp_server.h" />
    <ClInclude Include="net\game_server.h" />
    <ClInclude Include="win\smart_handle.h" />
    <ClInclude Include="util\noncopyable.h" />
    <ClInclude Include="net\connection.h" />
    <ClInclude Include="util\common_util.h" />
    <ClInclude Include="pch.h" />
    <ClInclude Include="util\custom_unique_ptr.h" />
    <ClInclude Include="util\interval_task.h" />
    <ClInclude Include="util\time_util.h" />
    <ClInclude Include="net\packet.h" />
    <ClInclude Include="io\io_event_pool.h" />
    <ClInclude Include="game\entity.h" />
    <ClInclude Include="game\player.h" />
    <ClInclude Include="database\mssql_core.h" />
    <ClInclude Include="database\sql_statement.h" />
    <ClInclude Include="util\string_util.h" />
    <ClInclude Include="system_initializer.h" />
    <ClInclude Include="util\lockfree_stack.h" />
    <ClInclude Include="net\connection_environment.h" />
    <ClInclude Include="database\query.h" />
    <ClInclude Include="util\compressor.h" />
    <ClInclude Include="game\world.h" />
    <ClInclude Include="game\block.h" />
    <ClInclude Include="util\protobuf_util.h" />
    <ClInclude Include="win\file_mapping.h" />
    <ClInclude Include="net\connection_key.h" />
    <ClInclude Include="io\task.h" />
    <ClInclude Include="io\multicast_manager.h" />
    <ClInclude Include="util\math.h" />
    <ClInclude Include="game\world_generator.h" />
    <ClInclude Include="game\history_buffer.h" />
    <ClInclude Include="game\world_task.h" />
    <ClInclude Include="net\packet_id.h" />
    <ClInclude Include="net\packet_extension.h" />
    <ClInclude Include="database\couchbase_core.h" />
    <ClInclude Include="config\argparse.h" />
    <ClInclude Include="net\udp_server.h" />
    <ClInclude Include="net\server_core.h" />
    <ClInclude Include="proto\generated\world_metadata.pb.h" />
    <ClInclude Include="proto\generated\config.pb.h" />
    <ClInclude Include="net\message_id.h" />
    <ClInclude Include="proto\generated\protocol.pb.h" />
    <ClInclude Include="net\server_communicator.h" />
    <ClInclude Include="net\udp_message.h" />
    <ClInclude Include="win\registered_io.h" />
    <ClInclude Include="config\constants.h" />
    <ClInclude Include="database\couchbase_definitions.h" />
    <ClInclude Include="util\double_buffering.h" />
    <ClInclude Include="util\endianness.h" />
    <ClInclude Include="util\uuid_v4.h" />
    <ClInclude Include="io\async_task.h" />
  </ItemGroup>
  <ItemGroup>
    <None Include="database\sql\clean.sql" />
    <None Include="database\sql\parameters.sql" />
    <None Include="database\sql\configure.sql" />
    <None Include="database\sql\routines\create_database.sql" />
    <None Include="database\sql\routines\create_login_and_user.sql" />
    <None Include="database\sql\routines\create_functions.sql" />
    <None Include="database\sql\routines\create_tables.sql" />
    <None Include="database\sql\routines\create_procedures.sql" />
    <None Include="CommonPropertySheet.props" />
  </ItemGroup>
  <ItemGroup>
    <CustomBuild Include="proto\config.proto" />
    <CustomBuild Include="proto\world_metadata.proto" />
    <CustomBuild Include="proto\protocol.proto" />
  </ItemGroup>
</Project>